
Microsoft Visual Studio Solution File, Format Version 12.00
# Visual Studio Version 16
VisualStudioVersion = 16.0.32413.511
MinimumVisualStudioVersion = 10.0.40219.1
Project("{FAE04EC0-301F-11D3-BF4B-00C04F79EFBC}") = "StavNadrzeOOP", "StavNadrzeOOP\StavNadrzeOOP.csproj", "{2963EF01-49D5-4413-9E47-0DFE148F17C3}"
EndProject
Global
	GlobalSection(SolutionConfigurationPlatforms) = preSolution
		Debug|Any CPU = Debug|Any CPU
		Release|Any CPU = Release|Any CPU
	EndGlobalSection
	GlobalSection(ProjectConfigurationPlatforms) = postSolution
		{2963EF01-49D5-4413-9E47-0DFE148F17C3}.Debug|Any CPU.ActiveCfg = Debug|Any CPU
		{2963EF01-49D5-4413-9E47-0DFE148F17C3}.Debug|Any CPU.Build.0 = Debug|Any CPU
		{2963EF01-49D5-4413-9E47-0DFE148F17C3}.Release|Any CPU.ActiveCfg = Release|Any CPU
		{2963EF01-49D5-4413-9E47-0DFE148F17C3}.Release|Any CPU.Build.0 = Release|Any CPU
	EndGlobalSection
	GlobalSection(SolutionProperties) = preSolution
		HideSolutionNode = FALSE
	EndGlobalSection
	GlobalSection(ExtensibilityGlobals) = postSolution
		SolutionGuid = {95B51E91-79AB-4221-A3A4-DB9EBA885E33}
	EndGlobalSection
EndGlobal
